{
  "name": "xball",
  "version": "1.0.0",
  "lockfileVersion": 1,
  "requires": true,
  "dependencies": {
    "stats-js": {
      "version": "1.0.1",
      "resolved": "https://registry.npmjs.org/stats-js/-/stats-js-1.0.1.tgz",
      "integrity": "sha512-EAwEFghGNv8mlYC4CZzI5kWghsnP8uBKXw6VLRHtXkOk5xySfUKLTqTkjgJFfDluIkf/O7eZwi5MXP50VeTbUg=="
    }
  }
}
